
Microsoft Visual Studio Solution File, Format Version 12.00
# Visual Studio Version 16
VisualStudioVersion = 16.0.32106.194
MinimumVisualStudioVersion = 10.0.40219.1
Project("{FAE04EC0-301F-11D3-BF4B-00C04F79EFBC}") = "Seken top", "Seken top.csproj", "{4013CFBD-A950-499D-BB6C-6ABA6C62D591}"
EndProject
Global
	GlobalSection(SolutionConfigurationPlatforms) = preSolution
		Debug|Any CPU = Debug|Any CPU
		Release|Any CPU = Release|Any CPU
	EndGlobalSection
	GlobalSection(ProjectConfigurationPlatforms) = postSolution
		{4013CFBD-A950-499D-BB6C-6ABA6C62D591}.Debug|Any CPU.ActiveCfg = Debug|Any CPU
		{4013CFBD-A950-499D-BB6C-6ABA6C62D591}.Debug|Any CPU.Build.0 = Debug|Any CPU
		{4013CFBD-A950-499D-BB6C-6ABA6C62D591}.Release|Any CPU.ActiveCfg = Release|Any CPU
		{4013CFBD-A950-499D-BB6C-6ABA6C62D591}.Release|Any CPU.Build.0 = Release|Any CPU
	EndGlobalSection
	GlobalSection(SolutionProperties) = preSolution
		HideSolutionNode = FALSE
	EndGlobalSection
	GlobalSection(ExtensibilityGlobals) = postSolution
		SolutionGuid = {5331CE03-3CA3-4E22-BF91-2BD35D38D4F6}
	EndGlobalSection
EndGlobal
